
Microsoft Visual Studio Solution File, Format Version 12.00
# Visual Studio Version 17
VisualStudioVersion = 17.14.36301.6
MinimumVisualStudioVersion = 10.0.40219.1
Project("{FAE04EC0-301F-11D3-BF4B-00C04F79EFBC}") = "BusTripManagement.API", "BusTripManagement.API.csproj", "{F9E7674C-510D-4884-9861-ADE0AE8F315D}"
EndProject
Project("{FAE04EC0-301F-11D3-BF4B-00C04F79EFBC}") = "BusTripManagement.BAL", "..\BusTripManagement.BAL\BusTripManagement.BAL.csproj", "{C727D66B-6C96-4BD6-8A79-35B7F51EC05C}"
EndProject
Project("{FAE04EC0-301F-11D3-BF4B-00C04F79EFBC}") = "BusTripManagement.DAL", "..\BusTripManagement.DAL\BusTripManagement.DAL.csproj", "{1B76D08E-68CD-45FF-BCDA-D548D2C18F6A}"
EndProject
Project("{FAE04EC0-301F-11D3-BF4B-00C04F79EFBC}") = "BusTripManagement.Models", "..\BusTripManagement.Models\BusTripManagement.Models.csproj", "{3971E915-8B9B-43D4-9C14-E0D783873275}"
EndProject
Global
	GlobalSection(SolutionConfigurationPlatforms) = preSolution
		Debug|Any CPU = Debug|Any CPU
		Release|Any CPU = Release|Any CPU
	EndGlobalSection
	GlobalSection(ProjectConfigurationPlatforms) = postSolution
		{F9E7674C-510D-4884-9861-ADE0AE8F315D}.Debug|Any CPU.ActiveCfg = Debug|Any CPU
		{F9E7674C-510D-4884-9861-ADE0AE8F315D}.Debug|Any CPU.Build.0 = Debug|Any CPU
		{F9E7674C-510D-4884-9861-ADE0AE8F315D}.Release|Any CPU.ActiveCfg = Release|Any CPU
		{F9E7674C-510D-4884-9861-ADE0AE8F315D}.Release|Any CPU.Build.0 = Release|Any CPU
		{C727D66B-6C96-4BD6-8A79-35B7F51EC05C}.Debug|Any CPU.ActiveCfg = Debug|Any CPU
		{C727D66B-6C96-4BD6-8A79-35B7F51EC05C}.Debug|Any CPU.Build.0 = Debug|Any CPU
		{C727D66B-6C96-4BD6-8A79-35B7F51EC05C}.Release|Any CPU.ActiveCfg = Release|Any CPU
		{C727D66B-6C96-4BD6-8A79-35B7F51EC05C}.Release|Any CPU.Build.0 = Release|Any CPU
		{1B76D08E-68CD-45FF-BCDA-D548D2C18F6A}.Debug|Any CPU.ActiveCfg = Debug|Any CPU
		{1B76D08E-68CD-45FF-BCDA-D548D2C18F6A}.Debug|Any CPU.Build.0 = Debug|Any CPU
		{1B76D08E-68CD-45FF-BCDA-D548D2C18F6A}.Release|Any CPU.ActiveCfg = Release|Any CPU
		{1B76D08E-68CD-45FF-BCDA-D548D2C18F6A}.Release|Any CPU.Build.0 = Release|Any CPU
		{3971E915-8B9B-43D4-9C14-E0D783873275}.Debug|Any CPU.ActiveCfg = Debug|Any CPU
		{3971E915-8B9B-43D4-9C14-E0D783873275}.Debug|Any CPU.Build.0 = Debug|Any CPU
		{3971E915-8B9B-43D4-9C14-E0D783873275}.Release|Any CPU.ActiveCfg = Release|Any CPU
		{3971E915-8B9B-43D4-9C14-E0D783873275}.Release|Any CPU.Build.0 = Release|Any CPU
	EndGlobalSection
	GlobalSection(SolutionProperties) = preSolution
		HideSolutionNode = FALSE
	EndGlobalSection
	GlobalSection(ExtensibilityGlobals) = postSolution
		SolutionGuid = {286305B9-1879-4787-A7DE-2E122833839F}
	EndGlobalSection
EndGlobal
